
Microsoft Visual Studio Solution File, Format Version 12.00
# Visual Studio Version 16
VisualStudioVersion = 16.0.31515.178
MinimumVisualStudioVersion = 10.0.40219.1
Project("{9A19103F-16F7-4668-BE54-9A1E7A4F7556}") = "InventoryLibrary", "InventoryLibrary\InventoryLibrary.csproj", "{BB793F68-72F4-4D20-BC03-90F2986B221E}"
EndProject
Project("{9A19103F-16F7-4668-BE54-9A1E7A4F7556}") = "InventoryManagement.Tests", "Tests\InventoryManagement.Tests.csproj", "{378C8DA5-3F43-4A38-9CC8-EF41144182B8}"
EndProject
Project("{FAE04EC0-301F-11D3-BF4B-00C04F79EFBC}") = "InventoryManager", "InventoryManager\InventoryManager.csproj", "{58223101-8F8B-4BF0-9E21-3E68114FDB39}"
EndProject
Global
	GlobalSection(SolutionConfigurationPlatforms) = preSolution
		Debug|Any CPU = Debug|Any CPU
		Release|Any CPU = Release|Any CPU
	EndGlobalSection
	GlobalSection(ProjectConfigurationPlatforms) = postSolution
		{BB793F68-72F4-4D20-BC03-90F2986B221E}.Debug|Any CPU.ActiveCfg = Debug|Any CPU
		{BB793F68-72F4-4D20-BC03-90F2986B221E}.Debug|Any CPU.Build.0 = Debug|Any CPU
		{BB793F68-72F4-4D20-BC03-90F2986B221E}.Release|Any CPU.ActiveCfg = Release|Any CPU
		{BB793F68-72F4-4D20-BC03-90F2986B221E}.Release|Any CPU.Build.0 = Release|Any CPU
		{378C8DA5-3F43-4A38-9CC8-EF41144182B8}.Debug|Any CPU.ActiveCfg = Debug|Any CPU
		{378C8DA5-3F43-4A38-9CC8-EF41144182B8}.Debug|Any CPU.Build.0 = Debug|Any CPU
		{378C8DA5-3F43-4A38-9CC8-EF41144182B8}.Release|Any CPU.ActiveCfg = Release|Any CPU
		{378C8DA5-3F43-4A38-9CC8-EF41144182B8}.Release|Any CPU.Build.0 = Release|Any CPU
		{58223101-8F8B-4BF0-9E21-3E68114FDB39}.Debug|Any CPU.ActiveCfg = Debug|Any CPU
		{58223101-8F8B-4BF0-9E21-3E68114FDB39}.Debug|Any CPU.Build.0 = Debug|Any CPU
		{58223101-8F8B-4BF0-9E21-3E68114FDB39}.Release|Any CPU.ActiveCfg = Release|Any CPU
		{58223101-8F8B-4BF0-9E21-3E68114FDB39}.Release|Any CPU.Build.0 = Release|Any CPU
	EndGlobalSection
	GlobalSection(SolutionProperties) = preSolution
		HideSolutionNode = FALSE
	EndGlobalSection
	GlobalSection(ExtensibilityGlobals) = postSolution
		SolutionGuid = {143FBB16-A878-4CFF-BF79-766F924EEF4C}
	EndGlobalSection
EndGlobal
